{
  "lockfileVersion": 1,
  "workspaces": {
    "": {
      "name": "@evolve-packages/graphql-client",
      "devDependencies": {
        "@graphql-typed-document-node/core": "latest",
        "@types/bun": "latest",
        "bun-plugin-isolated-decl": "latest",
        "oxc-transform": "latest",
      },
      "peerDependencies": {
        "graphql": "latest",
        "typescript": "latest",
      },
    },
  },
  "packages": {
    "@emnapi/core": ["@emnapi/core@1.4.3", "", { "dependencies": { "@emnapi/wasi-threads": "1.0.2", "tslib": "^2.4.0" } }, "sha512-4m62DuCE07lw01soJwPiBGC0nAww0Q+RY70VZ+n49yDIO13yyinhbWCeNnaob0lakDtWQzSdtNWzJeOJt2ma+g=="],

    "@emnapi/runtime": ["@emnapi/runtime@1.4.3", "", { "dependencies": { "tslib": "^2.4.0" } }, "sha512-pBPWdu6MLKROBX05wSNKcNb++m5Er+KQ9QkB+WVM+pW2Kx9hoSrVTnu3BdkI5eBLZoKu/J6mW/B6i6bJB2ytXQ=="],

    "@emnapi/wasi-threads": ["@emnapi/wasi-threads@1.0.2", "", { "dependencies": { "tslib": "^2.4.0" } }, "sha512-5n3nTJblwRi8LlXkJ9eBzu+kZR8Yxcc7ubakyQTFzPMtIhFpUBRbsnc2Dv88IZDIbCDlBiWrknhB4Lsz7mg6BA=="],

    "@graphql-typed-document-node/core": ["@graphql-typed-document-node/core@3.2.0", "", { "peerDependencies": { "graphql": "^0.8.0 || ^0.9.0 || ^0.10.0 || ^0.11.0 || ^0.12.0 || ^0.13.0 || ^14.0.0 || ^15.0.0 || ^16.0.0 || ^17.0.0" } }, "sha512-mB9oAsNCm9aM3/SOv4YtBMqZbYj10R7dkq8byBqxGY/ncFwhf2oQzMV+LCRlWoDSEBJ3COiR1yeDvMtsoOsuFQ=="],

    "@jridgewell/sourcemap-codec": ["@jridgewell/sourcemap-codec@1.5.0", "", {}, "sha512-gv3ZRaISU3fjPAgNsriBRqGWQL6quFx04YMPW/zD8XMLsU32mhCCbfbO6KZFLjvYpCZ8zyDEgqsgf+PwPaM7GQ=="],

    "@napi-rs/wasm-runtime": ["@napi-rs/wasm-runtime@0.2.9", "", { "dependencies": { "@emnapi/core": "^1.4.0", "@emnapi/runtime": "^1.4.0", "@tybys/wasm-util": "^0.9.0" } }, "sha512-OKRBiajrrxB9ATokgEQoG87Z25c67pCpYcCwmXYX8PBftC9pBfN18gnm/fh1wurSLEKIAt+QRFLFCQISrb66Jg=="],

    "@oxc-parser/binding-darwin-arm64": ["@oxc-parser/binding-darwin-arm64@0.62.0", "", { "os": "darwin", "cpu": "arm64" }, "sha512-p9haXzG2mE0PvfITKY3bTQpwDc+T4H9bG5SC4vp8PbwikmIWGrahASpuO5c2keiahspGTCzqUnl+8PXU/saT/A=="],

    "@oxc-parser/binding-darwin-x64": ["@oxc-parser/binding-darwin-x64@0.62.0", "", { "os": "darwin", "cpu": "x64" }, "sha512-nUFVTz0DcQCtoHL/wiZ3fNPXRIdghDlExRqiEG00J7RprD3L8CtZ1hXwcWOqUNR1I/xWHQCu1ZrRlI30Wb+NCw=="],

    "@oxc-parser/binding-linux-arm-gnueabihf": ["@oxc-parser/binding-linux-arm-gnueabihf@0.62.0", "", { "os": "linux", "cpu": "arm" }, "sha512-fzL/QklCwZRBkPvdr0zBtAFBnksd42xiBMlm0GQi2dIynCDz2IKrc+hq0UZMtqMEjuvr991WOlh0iU6elZDn6g=="],

    "@oxc-parser/binding-linux-arm64-gnu": ["@oxc-parser/binding-linux-arm64-gnu@0.62.0", "", { "os": "linux", "cpu": "arm64" }, "sha512-dgymg4cMO+5hfSUC4zHnNoNIKoasUiaaYZRIs3lhRPFB2ultth4uJTV+iMlBTNtGDSKSs10ennHvm7CBGJVgVg=="],

    "@oxc-parser/binding-linux-arm64-musl": ["@oxc-parser/binding-linux-arm64-musl@0.62.0", "", { "os": "linux", "cpu": "arm64" }, "sha512-sKhAyRsP6DNeFMRevAN28HccFKEO6l3OqC8MuAV+HNzzyzUOKx2HGnYlkLxCmDZ7lyzzl7vA7YRQFBLYXgsWSA=="],

    "@oxc-parser/binding-linux-x64-gnu": ["@oxc-parser/binding-linux-x64-gnu@0.62.0", "", { "os": "linux", "cpu": "x64" }, "sha512-WAPgDelo20F5An0SW8X+0hWVPF7dHKhHwZo5doOt8Dn9NX6nONQCmEDUUPtp/BqISBxRFSH+rZbaENn8GGlBqg=="],

    "@oxc-parser/binding-linux-x64-musl": ["@oxc-parser/binding-linux-x64-musl@0.62.0", "", { "os": "linux", "cpu": "x64" }, "sha512-JJ0WIPVXiuiWmPLKL+W3/OX1O5aDWMoX47eODKdNoM46bTcxIUe+wpHou731WuqhfrwACBi3Bsljn6VsIFPe9A=="],

    "@oxc-parser/binding-wasm32-wasi": ["@oxc-parser/binding-wasm32-wasi@0.62.0", "", { "dependencies": { "@napi-rs/wasm-runtime": "^0.2.8" }, "cpu": "none" }, "sha512-FuGOzv4FJWSBnG9jkCgZysU6ZMTKWHyHXEr40J1HjRnyw58bQ1sPfVmHZusNTSDCXmBlBz0ZuELLTJFHTI3DVQ=="],

    "@oxc-parser/binding-win32-arm64-msvc": ["@oxc-parser/binding-win32-arm64-msvc@0.62.0", "", { "os": "win32", "cpu": "arm64" }, "sha512-3XEM9fgnrC2Eav/csJaAn125bQIgsdAeyksTGq2xnydnomHY9G+/nfIfgS76X/K0TZiyjOOakctwl4vsObDyGA=="],

    "@oxc-parser/binding-win32-x64-msvc": ["@oxc-parser/binding-win32-x64-msvc@0.62.0", "", { "os": "win32", "cpu": "x64" }, "sha512-YbLsb6Z/FS7tNheETyvf6FYhqo/AUipHca9eF5cB4XAdGc+Yt9bcrnwG9g9RGD33nxaMDI1ead2KYAcNeDYzGA=="],

    "@oxc-project/types": ["@oxc-project/types@0.62.0", "", {}, "sha512-rC3YQjrntGvg8vkHHKaiFqZFBCDU/F3BPfokssD02q5Sn4dSZGYzJVdojqYIEFECpEMEqKBxqIRmVex1+WXI5w=="],

    "@oxc-transform/binding-darwin-arm64": ["@oxc-transform/binding-darwin-arm64@0.64.0", "", { "os": "darwin", "cpu": "arm64" }, "sha512-SphSpVk2TcJ1bGfv/kStrSGrKyA5wLuIjuyK0/Im8ZJZ2zAolJdm4WFZUDI5NZZskwcqoB2qrUQFr9pV75N+BA=="],

    "@oxc-transform/binding-darwin-x64": ["@oxc-transform/binding-darwin-x64@0.64.0", "", { "os": "darwin", "cpu": "x64" }, "sha512-MDTCesIxze+lVc33cZGHZE5alWUL5dbhQGM4i1uobHbll7nuLBO8ymZZ7dQxCKJztkzQOU+Ib+TPtdxIWkcnqQ=="],

    "@oxc-transform/binding-linux-arm-gnueabihf": ["@oxc-transform/binding-linux-arm-gnueabihf@0.64.0", "", { "os": "linux", "cpu": "arm" }, "sha512-1emYdqi1lJscGi4F75Zgr24+l5v6o/TawUDVyrZ2JPW0g4F8V22udbsN6f0cFRwspTiBtxCfFMCnK/bdgcQOeQ=="],

    "@oxc-transform/binding-linux-arm64-gnu": ["@oxc-transform/binding-linux-arm64-gnu@0.64.0", "", { "os": "linux", "cpu": "arm64" }, "sha512-OxIEd1bk9fEmSgisxD525+2/7XZ6ex9vSU/FZhalv/tEsbrMA7sxsu/cl0zfKVVZFkI2uZ2r93RLeh/kv0VznQ=="],

    "@oxc-transform/binding-linux-arm64-musl": ["@oxc-transform/binding-linux-arm64-musl@0.64.0", "", { "os": "linux", "cpu": "arm64" }, "sha512-kTtZBREwmXMMgsMdFWU6/zZPavbeFwXHf32MY07tIBEn6kRz9Gg6Xsl7V1s0PVMTcYVY+6IZ5idZ1ODAdt1VkQ=="],

    "@oxc-transform/binding-linux-x64-gnu": ["@oxc-transform/binding-linux-x64-gnu@0.64.0", "", { "os": "linux", "cpu": "x64" }, "sha512-zHe0oT6xpCECWFdN2Uovut/36RJ6fA0IZwZEHaHeGHYbp8UoCrvZAXoh5MYa/hadYpsoVV13b5ZHBEJk7DuMjg=="],

    "@oxc-transform/binding-linux-x64-musl": ["@oxc-transform/binding-linux-x64-musl@0.64.0", "", { "os": "linux", "cpu": "x64" }, "sha512-kxiziQsB+ic5j2SCMV0pzcesA+QFaufTmNQbQznu7XFy+sFjHHkYfS3109D40gLnNtmlaIyTHj+1Ooka7awKhA=="],

    "@oxc-transform/binding-wasm32-wasi": ["@oxc-transform/binding-wasm32-wasi@0.64.0", "", { "dependencies": { "@napi-rs/wasm-runtime": "^0.2.9" }, "cpu": "none" }, "sha512-YJtTvi3DYxEZ7mIZaIEaLGL0ECCiJWHxiA9Qz2EpswbRCfXX/l7YSODs3uvG/thlCFhnzPLIM8O6tIHjpHIWYA=="],

    "@oxc-transform/binding-win32-arm64-msvc": ["@oxc-transform/binding-win32-arm64-msvc@0.64.0", "", { "os": "win32", "cpu": "arm64" }, "sha512-X2gDEzZFrfM65+mc4VYBfxdVPcqcxS5RZgc+dPcz8Xc14t/pmdqMeEJDTt0zKnL6T+42kPZHdybLwpgsuBdRDA=="],

    "@oxc-transform/binding-win32-x64-msvc": ["@oxc-transform/binding-win32-x64-msvc@0.64.0", "", { "os": "win32", "cpu": "x64" }, "sha512-QC2Nx0GFuUNGU5vmWgCym0TLIHFdoVvdpTWwcbZtWp8pFbQhvYms5CWmZm+wlCqAGPp5aYm2aLmp9hE8dM1c9Q=="],

    "@tybys/wasm-util": ["@tybys/wasm-util@0.9.0", "", { "dependencies": { "tslib": "^2.4.0" } }, "sha512-6+7nlbMVX/PVDCwaIQ8nTOPveOcFLSt8GcXdx8hD0bt39uWxYT88uXzqTd4fTvqta7oeUJqudepapKNt2DYJFw=="],

    "@types/bun": ["@types/bun@1.2.10", "", { "dependencies": { "bun-types": "1.2.10" } }, "sha512-eilv6WFM3M0c9ztJt7/g80BDusK98z/FrFwseZgT4bXCq2vPhXD4z8R3oddmAn+R/Nmz9vBn4kweJKmGTZj+lg=="],

    "@types/node": ["@types/node@22.13.5", "", { "dependencies": { "undici-types": "~6.20.0" } }, "sha512-+lTU0PxZXn0Dr1NBtC7Y8cR21AJr87dLLU953CWA6pMxxv/UDc7jYAY90upcrie1nRcD6XNG5HOYEDtgW5TxAg=="],

    "acorn": ["acorn@8.14.1", "", { "bin": { "acorn": "bin/acorn" } }, "sha512-OvQ/2pUDKmgfCg++xsTX1wGxfTaszcHVcTctW4UJB4hibJx2HXxxO5UmVgyjMa+ZDsiaf5wWLXYpRWMmBI0QHg=="],

    "bun-plugin-isolated-decl": ["bun-plugin-isolated-decl@0.1.10", "", { "dependencies": { "is-glob": "^4.0.3", "oxc-transform": "^0.58.1", "unplugin-isolated-decl": "^0.13.3" }, "peerDependencies": { "typescript": "^5.8.2" } }, "sha512-OJXva33K2VtjvRcA5dWgDKwfbtRzv4Wr0ECyIDDnS4LMnWIiw4B7up7Vhf51ifogeP/2r38IKX5n2N9R/9mnjg=="],

    "bun-types": ["bun-types@1.2.10", "", { "dependencies": { "@types/node": "*" } }, "sha512-b5ITZMnVdf3m1gMvJHG+gIfeJHiQPJak0f7925Hxu6ZN5VKA8AGy4GZ4lM+Xkn6jtWxg5S3ldWvfmXdvnkp3GQ=="],

    "debug": ["debug@4.4.0", "", { "dependencies": { "ms": "^2.1.3" } }, "sha512-6WTZ/IxCY/T6BALoZHaE4ctp9xm+Z5kY/pzYaCHRFeyVhojxlrm+46y68HA6hr0TcwEssoxNiDEUJQjfPZ/RYA=="],

    "graphql": ["graphql@16.10.0", "", {}, "sha512-AjqGKbDGUFRKIRCP9tCKiIGHyriz2oHEbPIbEtcSLSs4YjReZOIPQQWek4+6hjw62H9QShXHyaGivGiYVLeYFQ=="],

    "is-extglob": ["is-extglob@2.1.1", "", {}, "sha512-SbKbANkN603Vi4jEZv49LeVJMn4yGwsbzZworEoyEiutsN3nJYdbO36zfhGJ6QEDpOZIFkDtnq5JRxmvl3jsoQ=="],

    "is-glob": ["is-glob@4.0.3", "", { "dependencies": { "is-extglob": "^2.1.1" } }, "sha512-xelSayHH36ZgE7ZWhli7pW34hNbNl8Ojv5KVmkJD4hBdD3th8Tfk9vYasLM+mXWOZhFkgZfxhLSnrwRr4elSSg=="],

    "magic-string": ["magic-string@0.30.17", "", { "dependencies": { "@jridgewell/sourcemap-codec": "^1.5.0" } }, "sha512-sNPKHvyjVf7gyjwS4xGTaW/mCnF8wnjtifKBEhxfZ7E/S8tQ0rssrwGNn6q8JH/ohItJfSQp9mBtQYuTlH5QnA=="],

    "ms": ["ms@2.1.3", "", {}, "sha512-6FlzubTLZG3J2a/NVCAleEhjzq5oxgHyaCU9yYXvcLsvoVaHJq/s5xXI6/XXP6tz7R9xAOtHnSO/tXtF3WRTlA=="],

    "oxc-parser": ["oxc-parser@0.62.0", "", { "dependencies": { "@oxc-project/types": "^0.62.0" }, "optionalDependencies": { "@oxc-parser/binding-darwin-arm64": "0.62.0", "@oxc-parser/binding-darwin-x64": "0.62.0", "@oxc-parser/binding-linux-arm-gnueabihf": "0.62.0", "@oxc-parser/binding-linux-arm64-gnu": "0.62.0", "@oxc-parser/binding-linux-arm64-musl": "0.62.0", "@oxc-parser/binding-linux-x64-gnu": "0.62.0", "@oxc-parser/binding-linux-x64-musl": "0.62.0", "@oxc-parser/binding-wasm32-wasi": "0.62.0", "@oxc-parser/binding-win32-arm64-msvc": "0.62.0", "@oxc-parser/binding-win32-x64-msvc": "0.62.0" } }, "sha512-WwSVsS8e7KH8an4rQJJZuO2QiIxNA0ryPESmmdxy1KYRSKEscyBgbIGGv2lCWy3uTksQtAjB2s2YAohESfrfOQ=="],

    "oxc-transform": ["oxc-transform@0.64.0", "", { "optionalDependencies": { "@oxc-transform/binding-darwin-arm64": "0.64.0", "@oxc-transform/binding-darwin-x64": "0.64.0", "@oxc-transform/binding-linux-arm-gnueabihf": "0.64.0", "@oxc-transform/binding-linux-arm64-gnu": "0.64.0", "@oxc-transform/binding-linux-arm64-musl": "0.64.0", "@oxc-transform/binding-linux-x64-gnu": "0.64.0", "@oxc-transform/binding-linux-x64-musl": "0.64.0", "@oxc-transform/binding-wasm32-wasi": "0.64.0", "@oxc-transform/binding-win32-arm64-msvc": "0.64.0", "@oxc-transform/binding-win32-x64-msvc": "0.64.0" } }, "sha512-b4fN/7l+/frPZ7/Z3XYcjvgFXfctYiOKNP0cYFDUOZR4P1NbrpfYlLVAXiCAE66kLo7um1TS/JFCSl1JbUsb9g=="],

    "pathe": ["pathe@2.0.3", "", {}, "sha512-WUjGcAqP1gQacoQe+OBJsFA7Ld4DyXuUIjZ5cc75cLHvJ7dtNsTugphxIADwspS+AraAUePCKrSVtPLFj/F88w=="],

    "picomatch": ["picomatch@4.0.2", "", {}, "sha512-M7BAV6Rlcy5u+m6oPhAPFgJTzAioX/6B0DxyvDlo9l8+T3nLKbrczg2WLUyzd45L8RqfUMyGPzekbMvX2Ldkwg=="],

    "tslib": ["tslib@2.8.1", "", {}, "sha512-oJFu94HQb+KVduSUQL7wnpmqnfmLsOA/nAh6b6EH0wCEoK0/mPeXU6c3wKDV83MkOuHPRHtSXKKU99IBazS/2w=="],

    "typescript": ["typescript@5.8.3", "", { "bin": { "tsc": "bin/tsc", "tsserver": "bin/tsserver" } }, "sha512-p1diW6TqL9L07nNxvRMM7hMMw4c5XOo/1ibL4aAIGmSAt9slTE1Xgw5KWuof2uTOvCg9BY7ZRi+GaF+7sfgPeQ=="],

    "undici-types": ["undici-types@6.20.0", "", {}, "sha512-Ny6QZ2Nju20vw1SRHe3d9jVu6gJ+4e3+MMpqu7pqE5HT6WsTSlce++GQmK5UXS8mzV8DSYHrQH+Xrf2jVcuKNg=="],

    "unplugin": ["unplugin@2.3.2", "", { "dependencies": { "acorn": "^8.14.1", "picomatch": "^4.0.2", "webpack-virtual-modules": "^0.6.2" } }, "sha512-3n7YA46rROb3zSj8fFxtxC/PqoyvYQ0llwz9wtUPUutr9ig09C8gGo5CWCwHrUzlqC1LLR43kxp5vEIyH1ac1w=="],

    "unplugin-isolated-decl": ["unplugin-isolated-decl@0.13.6", "", { "dependencies": { "debug": "^4.4.0", "magic-string": "^0.30.17", "oxc-parser": "^0.62.0", "oxc-transform": "^0.62.0", "unplugin": "^2.2.2", "unplugin-utils": "^0.2.4" }, "peerDependencies": { "@swc/core": "^1.6.6", "typescript": "^5.5.2" }, "optionalPeers": ["@swc/core", "typescript"] }, "sha512-+dNEvuNHfqohQEcXdHtUop/FhK3BXiqtAreHX7oc0M64RMg59rsizH2Sk38O7hgMrXnokbiAJTgORETQyqDp/Q=="],

    "unplugin-utils": ["unplugin-utils@0.2.4", "", { "dependencies": { "pathe": "^2.0.2", "picomatch": "^4.0.2" } }, "sha512-8U/MtpkPkkk3Atewj1+RcKIjb5WBimZ/WSLhhR3w6SsIj8XJuKTacSP8g+2JhfSGw0Cb125Y+2zA/IzJZDVbhA=="],

    "webpack-virtual-modules": ["webpack-virtual-modules@0.6.2", "", {}, "sha512-66/V2i5hQanC51vBQKPH4aI8NMAcBW59FVBs+rC7eGHupMyfn34q7rZIE+ETlJ+XTevqfUhVVBgSUNSW2flEUQ=="],

    "bun-plugin-isolated-decl/oxc-transform": ["oxc-transform@0.58.1", "", { "optionalDependencies": { "@oxc-transform/binding-darwin-arm64": "0.58.1", "@oxc-transform/binding-darwin-x64": "0.58.1", "@oxc-transform/binding-linux-arm-gnueabihf": "0.58.1", "@oxc-transform/binding-linux-arm64-gnu": "0.58.1", "@oxc-transform/binding-linux-arm64-musl": "0.58.1", "@oxc-transform/binding-linux-x64-gnu": "0.58.1", "@oxc-transform/binding-linux-x64-musl": "0.58.1", "@oxc-transform/binding-wasm32-wasi": "0.58.1", "@oxc-transform/binding-win32-arm64-msvc": "0.58.1", "@oxc-transform/binding-win32-x64-msvc": "0.58.1" } }, "sha512-xOG65Wi5Zp6MO8W4O3jyffWVhKLzqSgtfCC/W207dRLV4wkHyWuzoCgkiy/PUe1NqhC6SkiM603WspNS0AsOZg=="],

    "unplugin-isolated-decl/oxc-transform": ["oxc-transform@0.62.0", "", { "optionalDependencies": { "@oxc-transform/binding-darwin-arm64": "0.62.0", "@oxc-transform/binding-darwin-x64": "0.62.0", "@oxc-transform/binding-linux-arm-gnueabihf": "0.62.0", "@oxc-transform/binding-linux-arm64-gnu": "0.62.0", "@oxc-transform/binding-linux-arm64-musl": "0.62.0", "@oxc-transform/binding-linux-x64-gnu": "0.62.0", "@oxc-transform/binding-linux-x64-musl": "0.62.0", "@oxc-transform/binding-wasm32-wasi": "0.62.0", "@oxc-transform/binding-win32-arm64-msvc": "0.62.0", "@oxc-transform/binding-win32-x64-msvc": "0.62.0" } }, "sha512-4aycc3KlhwtUj1DVrFWGvfvX0OI6CmSkaPfhox4eY5UNknxZ0WSvj9p3NZIw8wPZiT6uj/acV3LcdO2o8HcSHQ=="],

    "bun-plugin-isolated-decl/oxc-transform/@oxc-transform/binding-darwin-arm64": ["@oxc-transform/binding-darwin-arm64@0.58.1", "", { "os": "darwin", "cpu": "arm64" }, "sha512-iOTmbTaYMrx61Vxh9uvl9PGileR/d98NuaESOVB5FFrN4rcqFs5rGLiRqQm8T87GCCGXyfP3S44glprVS3s/0A=="],

    "bun-plugin-isolated-decl/oxc-transform/@oxc-transform/binding-darwin-x64": ["@oxc-transform/binding-darwin-x64@0.58.1", "", { "os": "darwin", "cpu": "x64" }, "sha512-NdsVLQTw8FJe0Bb0i6Nj7Rtem+vo3ABnHcn08wA8l9mDMZKlrIHWwH6HY9g8P4qvE1jJ1HA/IkqtPU5PQfgv0A=="],

    "bun-plugin-isolated-decl/oxc-transform/@oxc-transform/binding-linux-arm-gnueabihf": ["@oxc-transform/binding-linux-arm-gnueabihf@0.58.1", "", { "os": "linux", "cpu": "arm" }, "sha512-BxL5IBfid1Xp+bSEgELAvq+e/Zfd60tV/0nSaTwXgEAnAvOU8abrAPuiXpciZKNBGZ8R6W2Iy/yDUeiF/IBFiA=="],

    "bun-plugin-isolated-decl/oxc-transform/@oxc-transform/binding-linux-arm64-gnu": ["@oxc-transform/binding-linux-arm64-gnu@0.58.1", "", { "os": "linux", "cpu": "arm64" }, "sha512-HwA3Gsitz/LL+DkPgpHAc6sANTSnInmlq76MV3zf0tw5iMs9kLiQ2W61dM+D9NNwfHvrY3O0uyLR965R/vW11A=="],

    "bun-plugin-isolated-decl/oxc-transform/@oxc-transform/binding-linux-arm64-musl": ["@oxc-transform/binding-linux-arm64-musl@0.58.1", "", { "os": "linux", "cpu": "arm64" }, "sha512-wUkArdXty35Yzl2qc9ECoFOujzMj/XZ0HEZoSAhdw/NkS4CjowNgV06tUvUesmwG3NV8p37hJdT+M7r3u+zH8Q=="],

    "bun-plugin-isolated-decl/oxc-transform/@oxc-transform/binding-linux-x64-gnu": ["@oxc-transform/binding-linux-x64-gnu@0.58.1", "", { "os": "linux", "cpu": "x64" }, "sha512-ED/4ZLRP59TOFsfJ60LEFa7RWKVm8aC+L/0IwDtckNlixk06jy4YyH56RGifJPd6Li2sTaLE0VOVgkJ2cgWEig=="],

    "bun-plugin-isolated-decl/oxc-transform/@oxc-transform/binding-linux-x64-musl": ["@oxc-transform/binding-linux-x64-musl@0.58.1", "", { "os": "linux", "cpu": "x64" }, "sha512-xdlYvnkxe8QL7oWsmir4bZNNwPWMKy8twCLB5UG5rM4/COOhl3APuW1oRDFghhF/0kJHaCYT0KdVtOchFKIHAg=="],

    "bun-plugin-isolated-decl/oxc-transform/@oxc-transform/binding-wasm32-wasi": ["@oxc-transform/binding-wasm32-wasi@0.58.1", "", { "dependencies": { "@napi-rs/wasm-runtime": "^0.2.7" }, "cpu": "none" }, "sha512-rD+riAK0v3MHIFyUo6+xqDEOi/MHVknNaJxWeWuyahn+ZGQC3jBOG0dGVq3x+px8DBqvlfihiDs3tkIDnc6BJQ=="],

    "bun-plugin-isolated-decl/oxc-transform/@oxc-transform/binding-win32-arm64-msvc": ["@oxc-transform/binding-win32-arm64-msvc@0.58.1", "", { "os": "win32", "cpu": "arm64" }, "sha512-jrCOvmabG9TVV/OvO7M3WSXkBX4aZ8RjOwsZEWcMiKeybmUr8E8XHx0YdwzL1M8MSKpdctoHPv1nz3SqM7uo6Q=="],

    "bun-plugin-isolated-decl/oxc-transform/@oxc-transform/binding-win32-x64-msvc": ["@oxc-transform/binding-win32-x64-msvc@0.58.1", "", { "os": "win32", "cpu": "x64" }, "sha512-612E4VNg9wK5cpGjaHjdW+aD3b1w80lps6rsFEsWejGB5nF5OkXS8uZxS1iQE/16JUoFNUcH+3yyqQP7ljdOuA=="],

    "unplugin-isolated-decl/oxc-transform/@oxc-transform/binding-darwin-arm64": ["@oxc-transform/binding-darwin-arm64@0.62.0", "", { "os": "darwin", "cpu": "arm64" }, "sha512-aUD548g1WJKk+hUPxMDPr2yfvMSGp6M0B1KjORYxdQSI70Fsi3SCmtDmmPNVWsuuugkeCDjqceFr56uYMMrBog=="],

    "unplugin-isolated-decl/oxc-transform/@oxc-transform/binding-darwin-x64": ["@oxc-transform/binding-darwin-x64@0.62.0", "", { "os": "darwin", "cpu": "x64" }, "sha512-Ocxqqm9a+QEgIf/AOE0MRYkgVC7ZWehAonG2YNBp/qnX8rrKGQ12oYpoQA1QJ5sVTr5kF4NgttjpTzKqJ3mKuw=="],

    "unplugin-isolated-decl/oxc-transform/@oxc-transform/binding-linux-arm-gnueabihf": ["@oxc-transform/binding-linux-arm-gnueabihf@0.62.0", "", { "os": "linux", "cpu": "arm" }, "sha512-4z8LniTGjccnJVY7hS8pmh3gswPNmeeMVmvZpIzd1gaUwL6ZVWUuDHGGAAfjsOYzHruzw73HUvRPmfTDDie0lw=="],

    "unplugin-isolated-decl/oxc-transform/@oxc-transform/binding-linux-arm64-gnu": ["@oxc-transform/binding-linux-arm64-gnu@0.62.0", "", { "os": "linux", "cpu": "arm64" }, "sha512-zdsTHhkUOSfHhyxJed1SpP8qccKODwQdQMcB8yFvVIoVX3re0qqTRy2aYxofeMTdT9HCqmX7hUXmy1bFYqAQJA=="],

    "unplugin-isolated-decl/oxc-transform/@oxc-transform/binding-linux-arm64-musl": ["@oxc-transform/binding-linux-arm64-musl@0.62.0", "", { "os": "linux", "cpu": "arm64" }, "sha512-NoM2Ymf0oKBlxu1DFjBQ7fAAz92JQ1MgbLT6apR2UCmOn7xIZAiyYloyXM43qDf6nTOAs3zmH6kNcEPZ8KaDrg=="],

    "unplugin-isolated-decl/oxc-transform/@oxc-transform/binding-linux-x64-gnu": ["@oxc-transform/binding-linux-x64-gnu@0.62.0", "", { "os": "linux", "cpu": "x64" }, "sha512-ltHIWB0eBT5iDt9hvC6LI90JV7DVbUdXzCjuNzUl/qcXXpKKLFjuRUuAs0npg3B+bsw75N2UKdwJ+E+mGf+D9A=="],

    "unplugin-isolated-decl/oxc-transform/@oxc-transform/binding-linux-x64-musl": ["@oxc-transform/binding-linux-x64-musl@0.62.0", "", { "os": "linux", "cpu": "x64" }, "sha512-PODsXb/+a/380bdoJVruJSNuRm362b2fqgoRcQyDliIYVIlyNjhuRluNnXZt3Rcn+NMJuD6bR4UNDGIQawoaEg=="],

    "unplugin-isolated-decl/oxc-transform/@oxc-transform/binding-wasm32-wasi": ["@oxc-transform/binding-wasm32-wasi@0.62.0", "", { "dependencies": { "@napi-rs/wasm-runtime": "^0.2.8" }, "cpu": "none" }, "sha512-1Ws06cA9bm7sNTUopUJWVhWx+fimKaazjTCIARHJDkJZZLCBuUOFOLzThqVmu0go0D8PXYA9IVe1caqSVjoHYg=="],

    "unplugin-isolated-decl/oxc-transform/@oxc-transform/binding-win32-arm64-msvc": ["@oxc-transform/binding-win32-arm64-msvc@0.62.0", "", { "os": "win32", "cpu": "arm64" }, "sha512-D1HFN2aNm/bkgBLRgvadq12/eMIRe3NgxH2sSQk+AZcorS8vqrHXv6lhiKMEyQTT1nCzr1RzvWDflHwCxoUfqg=="],

    "unplugin-isolated-decl/oxc-transform/@oxc-transform/binding-win32-x64-msvc": ["@oxc-transform/binding-win32-x64-msvc@0.62.0", "", { "os": "win32", "cpu": "x64" }, "sha512-3koMjqUz+LMRtAWBBsg50rsyNxKqpsN2Ft5NzcK+dsMN8dxq1vdMU7TaXdPSriY1buOPOAiqAEeGgdQRjoIBbQ=="],
  }
}
